hash: e7163db2f90811735f11ea33acf4f41ae17f41cc3cf77e4aebc311c69d15e8a3
updated: 2016-07-15T12:28:57.755143997-07:00
imports:
- name: github.com/beorn7/perks
  version: 55638c8e2b8e2fd8934b7fd02334b2647087ac6f
  subpackages:
  - quantile
- name: github.com/cenk/backoff
  version: ""
- name: github.com/coreos/etcd
  version: ""
  subpackages:
  - etcdserver/stats
  - pkg/types
  - raft
  - raft/raftpb
  - rafthttp
  - snap
  - wal
  - wal/walpb
  - pkg/httputil
  - pkg/ioutil
  - pkg/logutil
  - pkg/pbutil
  - pkg/transport
  - version
  - pkg/fileutil
  - snap/snappb
  - pkg/crc
  - pkg/tlsutil
- name: github.com/coreos/go-semver
  version: 55638c8e2b8e2fd8934b7fd02334b2647087ac6f
  subpackages:
  - semver
- name: github.com/coreos/go-systemd
  version: 55638c8e2b8e2fd8934b7fd02334b2647087ac6f
  subpackages:
  - journal
- name: github.com/coreos/pkg
  version: 55638c8e2b8e2fd8934b7fd02334b2647087ac6f
  subpackages:
  - capnslog
- name: github.com/gogo/protobuf
  version: 55638c8e2b8e2fd8934b7fd02334b2647087ac6f
  subpackages:
  - proto
- name: github.com/golang/protobuf
  version: 55638c8e2b8e2fd8934b7fd02334b2647087ac6f
  subpackages:
  - proto
- name: github.com/gorilla/context
  version: 55638c8e2b8e2fd8934b7fd02334b2647087ac6f
- name: github.com/gorilla/mux
  version: ""
- name: github.com/matttproud/golang_protobuf_extensions
  version: 55638c8e2b8e2fd8934b7fd02334b2647087ac6f
  subpackages:
  - pbutil
- name: github.com/prometheus/client_golang
  version: 55638c8e2b8e2fd8934b7fd02334b2647087ac6f
  subpackages:
  - prometheus
- name: github.com/prometheus/client_model
  version: 55638c8e2b8e2fd8934b7fd02334b2647087ac6f
  subpackages:
  - go
- name: github.com/prometheus/common
  version: 55638c8e2b8e2fd8934b7fd02334b2647087ac6f
  subpackages:
  - expfmt
  - internal/bitbucket.org/ww/goautoneg
  - model
- name: github.com/prometheus/procfs
  version: 55638c8e2b8e2fd8934b7fd02334b2647087ac6f
- name: github.com/satori/go.uuid
  version: ""
- name: github.com/sirupsen/logrus
  version: ""
- name: github.com/xiang90/probing
  version: 55638c8e2b8e2fd8934b7fd02334b2647087ac6f
- name: golang.org/x/net
  version: 55638c8e2b8e2fd8934b7fd02334b2647087ac6f
  subpackages:
  - context
- name: golang.org/x/sys
  version: 55638c8e2b8e2fd8934b7fd02334b2647087ac6f
  subpackages:
  - unix
testImports: []
